
Microsoft Visual Studio Solution File, Format Version 12.00
# Visual Studio Version 16
VisualStudioVersion = 16.0.33027.164
MinimumVisualStudioVersion = 10.0.40219.1
Project("{FAE04EC0-301F-11D3-BF4B-00C04F79EFBC}") = "ExampleEntityFrameWork", "ExampleEntityFrameWork\ExampleEntityFrameWork.csproj", "{EAD06DCB-12F0-4A41-93EF-B8F7C669DBE5}"
EndProject
Global
	GlobalSection(SolutionConfigurationPlatforms) = preSolution
		Debug|Any CPU = Debug|Any CPU
		Release|Any CPU = Release|Any CPU
	EndGlobalSection
	GlobalSection(ProjectConfigurationPlatforms) = postSolution
		{EAD06DCB-12F0-4A41-93EF-B8F7C669DBE5}.Debug|Any CPU.ActiveCfg = Debug|Any CPU
		{EAD06DCB-12F0-4A41-93EF-B8F7C669DBE5}.Debug|Any CPU.Build.0 = Debug|Any CPU
		{EAD06DCB-12F0-4A41-93EF-B8F7C669DBE5}.Release|Any CPU.ActiveCfg = Release|Any CPU
		{EAD06DCB-12F0-4A41-93EF-B8F7C669DBE5}.Release|Any CPU.Build.0 = Release|Any CPU
	EndGlobalSection
	GlobalSection(SolutionProperties) = preSolution
		HideSolutionNode = FALSE
	EndGlobalSection
	GlobalSection(ExtensibilityGlobals) = postSolution
		SolutionGuid = {8E2F2DAD-C3AD-4992-9398-1B1199A48BB4}
	EndGlobalSection
EndGlobal
